
Microsoft Visual Studio Solution File, Format Version 12.00
# Visual Studio Version 17
VisualStudioVersion = 17.12.35527.113 d17.12
MinimumVisualStudioVersion = 10.0.40219.1
Project("{FAE04EC0-301F-11D3-BF4B-00C04F79EFBC}") = "backend", "backend\backend.csproj", "{6B786110-6EB3-4653-99C1-37403166D6EA}"
EndProject
Global
	GlobalSection(SolutionConfigurationPlatforms) = preSolution
		Debug|Any CPU = Debug|Any CPU
		Release|Any CPU = Release|Any CPU
	EndGlobalSection
	GlobalSection(ProjectConfigurationPlatforms) = postSolution
		{6B786110-6EB3-4653-99C1-37403166D6EA}.Debug|Any CPU.ActiveCfg = Debug|Any CPU
		{6B786110-6EB3-4653-99C1-37403166D6EA}.Debug|Any CPU.Build.0 = Debug|Any CPU
		{6B786110-6EB3-4653-99C1-37403166D6EA}.Release|Any CPU.ActiveCfg = Release|Any CPU
		{6B786110-6EB3-4653-99C1-37403166D6EA}.Release|Any CPU.Build.0 = Release|Any CPU
	EndGlobalSection
	GlobalSection(SolutionProperties) = preSolution
		HideSolutionNode = FALSE
	EndGlobalSection
EndGlobal
